lockfileVersion: '9.0'

settings:
  autoInstallPeers: true
  excludeLinksFromLockfile: false

importers:

  .:
    dependencies:
      readline:
        specifier: ^1.3.0
        version: 1.3.0
    devDependencies:
      prettier:
        specifier: ^3.3.2
        version: 3.3.2

packages:

  prettier@3.3.2:
    resolution: {integrity: sha512-rAVeHYMcv8ATV5d508CFdn+8/pHPpXeIid1DdrPwXnaAdH7cqjVbpJaT5eq4yRAFU/lsbwYwSF/n5iNrdJHPQA==}
    engines: {node: '>=14'}
    hasBin: true

  readline@1.3.0:
    resolution: {integrity: sha512-k2d6ACCkiNYz222Fs/iNze30rRJ1iIicW7JuX/7/cozvih6YCkFZH+J6mAFDVgv0dRBaAyr4jDqC95R2y4IADg==}

snapshots:

  prettier@3.3.2: {}

  readline@1.3.0: {}
